
Microsoft Visual Studio Solution File, Format Version 12.00
# Visual Studio Version 16
VisualStudioVersion = 16.0.31019.35
MinimumVisualStudioVersion = 10.0.40219.1
Project("{FAE04EC0-301F-11D3-BF4B-00C04F79EFBC}") = "PackageProUpdate", "PackageProUpdate.csproj", "{8404A329-FF96-4A77-88E7-38C97D64A5F9}"
EndProject
Global
	GlobalSection(SolutionConfigurationPlatforms) = preSolution
		Debug|Any CPU = Debug|Any CPU
		Release|Any CPU = Release|Any CPU
	EndGlobalSection
	GlobalSection(ProjectConfigurationPlatforms) = postSolution
		{8404A329-FF96-4A77-88E7-38C97D64A5F9}.Debug|Any CPU.ActiveCfg = Debug|Any CPU
		{8404A329-FF96-4A77-88E7-38C97D64A5F9}.Debug|Any CPU.Build.0 = Debug|Any CPU
		{8404A329-FF96-4A77-88E7-38C97D64A5F9}.Release|Any CPU.ActiveCfg = Release|Any CPU
		{8404A329-FF96-4A77-88E7-38C97D64A5F9}.Release|Any CPU.Build.0 = Release|Any CPU
	EndGlobalSection
	GlobalSection(SolutionProperties) = preSolution
		HideSolutionNode = FALSE
	EndGlobalSection
	GlobalSection(ExtensibilityGlobals) = postSolution
		SolutionGuid = {615B7A2F-1666-40CD-BA53-DB19E7070298}
	EndGlobalSection
EndGlobal
