
Microsoft Visual Studio Solution File, Format Version 12.00
# Visual Studio Version 16
VisualStudioVersion = 16.0.31019.35
MinimumVisualStudioVersion = 10.0.40219.1
Project("{FAE04EC0-301F-11D3-BF4B-00C04F79EFBC}") = "OverLoadOperatorAssignment", "OverLoadOperatorAssignment.csproj", "{F1D7F400-48CC-44E8-8457-E5E712B554A9}"
EndProject
Global
	GlobalSection(SolutionConfigurationPlatforms) = preSolution
		Debug|Any CPU = Debug|Any CPU
		Release|Any CPU = Release|Any CPU
	EndGlobalSection
	GlobalSection(ProjectConfigurationPlatforms) = postSolution
		{F1D7F400-48CC-44E8-8457-E5E712B554A9}.Debug|Any CPU.ActiveCfg = Debug|Any CPU
		{F1D7F400-48CC-44E8-8457-E5E712B554A9}.Debug|Any CPU.Build.0 = Debug|Any CPU
		{F1D7F400-48CC-44E8-8457-E5E712B554A9}.Release|Any CPU.ActiveCfg = Release|Any CPU
		{F1D7F400-48CC-44E8-8457-E5E712B554A9}.Release|Any CPU.Build.0 = Release|Any CPU
	EndGlobalSection
	GlobalSection(SolutionProperties) = preSolution
		HideSolutionNode = FALSE
	EndGlobalSection
	GlobalSection(ExtensibilityGlobals) = postSolution
		SolutionGuid = {06064C5A-D02D-456C-81BC-053B7A583D1D}
	EndGlobalSection
EndGlobal
