
Microsoft Visual Studio Solution File, Format Version 12.00
# Visual Studio Version 16
VisualStudioVersion = 16.0.31019.35
MinimumVisualStudioVersion = 10.0.40219.1
Project("{FAE04EC0-301F-11D3-BF4B-00C04F79EFBC}") = "AbstractClassSubAssignment", "AbstractClassSubAssignment.csproj", "{34D335EB-1F72-4FC8-B122-DEBBA73796E4}"
EndProject
Global
	GlobalSection(SolutionConfigurationPlatforms) = preSolution
		Debug|Any CPU = Debug|Any CPU
		Release|Any CPU = Release|Any CPU
	EndGlobalSection
	GlobalSection(ProjectConfigurationPlatforms) = postSolution
		{34D335EB-1F72-4FC8-B122-DEBBA73796E4}.Debug|Any CPU.ActiveCfg = Debug|Any CPU
		{34D335EB-1F72-4FC8-B122-DEBBA73796E4}.Debug|Any CPU.Build.0 = Debug|Any CPU
		{34D335EB-1F72-4FC8-B122-DEBBA73796E4}.Release|Any CPU.ActiveCfg = Release|Any CPU
		{34D335EB-1F72-4FC8-B122-DEBBA73796E4}.Release|Any CPU.Build.0 = Release|Any CPU
	EndGlobalSection
	GlobalSection(SolutionProperties) = preSolution
		HideSolutionNode = FALSE
	EndGlobalSection
	GlobalSection(ExtensibilityGlobals) = postSolution
		SolutionGuid = {2D26B0B4-A3B2-4FD1-9DF9-92ADB5FD667F}
	EndGlobalSection
EndGlobal
